Microsoft Visual Studio Solution File, Format Version 12.00
# Visual Studio Version 17
VisualStudioVersion = 17.5.2.0
MinimumVisualStudioVersion = 10.0.40219.1
Project("{FAE04EC0-301F-11D3-BF4B-00C04F79EFBC}") = "Odd or Even", "Odd or Even.csproj", "{D21B4DCC-26E3-3B05-C8ED-FC8CD1D3C34E}"
EndProject
Global
	GlobalSection(SolutionConfigurationPlatforms) = preSolution
		Debug|Any CPU = Debug|Any CPU
		Release|Any CPU = Release|Any CPU
	EndGlobalSection
	GlobalSection(ProjectConfigurationPlatforms) = postSolution
		{D21B4DCC-26E3-3B05-C8ED-FC8CD1D3C34E}.Debug|Any CPU.ActiveCfg = Debug|Any CPU
		{D21B4DCC-26E3-3B05-C8ED-FC8CD1D3C34E}.Debug|Any CPU.Build.0 = Debug|Any CPU
		{D21B4DCC-26E3-3B05-C8ED-FC8CD1D3C34E}.Release|Any CPU.ActiveCfg = Release|Any CPU
		{D21B4DCC-26E3-3B05-C8ED-FC8CD1D3C34E}.Release|Any CPU.Build.0 = Release|Any CPU
	EndGlobalSection
	GlobalSection(SolutionProperties) = preSolution
		HideSolutionNode = FALSE
	EndGlobalSection
	GlobalSection(ExtensibilityGlobals) = postSolution
		SolutionGuid = {722E1811-0C46-4CFA-96AC-068F1FBF6A74}
	EndGlobalSection
EndGlobal
